
Microsoft Visual Studio Solution File, Format Version 12.00
# Visual Studio 14
VisualStudioVersion = 14.0.25420.1
MinimumVisualStudioVersion = 10.0.40219.1
Project("{FAE04EC0-301F-11D3-BF4B-00C04F79EFBC}") = "WebAPI.Output.RedisCache", "WebAPI.Output.RedisCache\WebAPI.Output.RedisCache.csproj", "{C6BD6B5E-D18E-4BC9-A623-6F59D5CE7E37}"
EndProject
Project("{FAE04EC0-301F-11D3-BF4B-00C04F79EFBC}") = "RedisCacheProvider", "RedisCacheProvider\RedisCacheProvider.csproj", "{89978D8A-339D-400B-AF02-2C7639EC10F2}"
EndProject
Global
	GlobalSection(SolutionConfigurationPlatforms) = preSolution
		Debug|Any CPU = Debug|Any CPU
		Release|Any CPU = Release|Any CPU
	EndGlobalSection
	GlobalSection(ProjectConfigurationPlatforms) = postSolution
		{C6BD6B5E-D18E-4BC9-A623-6F59D5CE7E37}.Debug|Any CPU.ActiveCfg = Debug|Any CPU
		{C6BD6B5E-D18E-4BC9-A623-6F59D5CE7E37}.Debug|Any CPU.Build.0 = Debug|Any CPU
		{C6BD6B5E-D18E-4BC9-A623-6F59D5CE7E37}.Release|Any CPU.ActiveCfg = Release|Any CPU
		{C6BD6B5E-D18E-4BC9-A623-6F59D5CE7E37}.Release|Any CPU.Build.0 = Release|Any CPU
		{89978D8A-339D-400B-AF02-2C7639EC10F2}.Debug|Any CPU.ActiveCfg = Debug|Any CPU
		{89978D8A-339D-400B-AF02-2C7639EC10F2}.Debug|Any CPU.Build.0 = Debug|Any CPU
		{89978D8A-339D-400B-AF02-2C7639EC10F2}.Release|Any CPU.ActiveCfg = Release|Any CPU
		{89978D8A-339D-400B-AF02-2C7639EC10F2}.Release|Any CPU.Build.0 = Release|Any CPU
	EndGlobalSection
	GlobalSection(SolutionProperties) = preSolution
		HideSolutionNode = FALSE
	EndGlobalSection
EndGlobal
